
Microsoft Visual Studio Solution File, Format Version 12.00
# Visual Studio 15
Project("{FAE04EC0-301F-11D3-BF4B-00C04F79EFBC}") = "Assembly-CSharp", "Assembly-CSharp.csproj", "{6BFFB429-B781-D6A4-39BD-23B95F76209C}"
EndProject
Project("{FAE04EC0-301F-11D3-BF4B-00C04F79EFBC}") = "Assembly-CSharp-Editor", "Assembly-CSharp-Editor.csproj", "{BCD3CD31-D84D-36D6-511F-D96A69E89198}"
EndProject
Global
	GlobalSection(SolutionConfigurationPlatforms) = preSolution
		Debug|Any CPU = Debug|Any CPU
		Release|Any CPU = Release|Any CPU
	EndGlobalSection
	GlobalSection(ProjectConfigurationPlatforms) = postSolution
		{6BFFB429-B781-D6A4-39BD-23B95F76209C}.Debug|Any CPU.ActiveCfg = Debug|Any CPU
		{6BFFB429-B781-D6A4-39BD-23B95F76209C}.Debug|Any CPU.Build.0 = Debug|Any CPU
		{6BFFB429-B781-D6A4-39BD-23B95F76209C}.Release|Any CPU.ActiveCfg = Release|Any CPU
		{6BFFB429-B781-D6A4-39BD-23B95F76209C}.Release|Any CPU.Build.0 = Release|Any CPU
		{BCD3CD31-D84D-36D6-511F-D96A69E89198}.Debug|Any CPU.ActiveCfg = Debug|Any CPU
		{BCD3CD31-D84D-36D6-511F-D96A69E89198}.Debug|Any CPU.Build.0 = Debug|Any CPU
		{BCD3CD31-D84D-36D6-511F-D96A69E89198}.Release|Any CPU.ActiveCfg = Release|Any CPU
		{BCD3CD31-D84D-36D6-511F-D96A69E89198}.Release|Any CPU.Build.0 = Release|Any CPU
	EndGlobalSection
	GlobalSection(SolutionProperties) = preSolution
		HideSolutionNode = FALSE
	EndGlobalSection
EndGlobal
